<?xml version="1.0" encoding="utf-8"?>
<Project ToolsVersion="4.0" xmlns="http://schemas.microsoft.com/developer/msbuild/2003">
  <ItemGroup>
    <Filter Include="Source Files">
      <UniqueIdentifier>{4FC737F1-C7A5-4376-A066-2A32D752A2FF}</UniqueIdentifier>
      <Extensions>cpp;c;cc;cxx;c++;cppm;ixx;def;odl;idl;hpj;bat;asm;asmx</Extensions>
    </Filter>
    <Filter Include="Header Files">
      <UniqueIdentifier>{93995380-89BD-4b04-88EB-625FBE52EBFB}</UniqueIdentifier>
      <Extensions>h;hh;hpp;hxx;h++;hm;inl;inc;ipp;xsd</Extensions>
    </Filter>
    <Filter Include="Resource Files">
      <UniqueIdentifier>{67DA6AB6-F800-4c08-8B7A-83BB121AAD01}</UniqueIdentifier>
      <Extensions>rc;ico;cur;bmp;dlg;rc2;rct;bin;rgs;gif;jpg;jpeg;jpe;resx;tiff;tif;png;wav;mfcribbon-ms</Extensions>
    </Filter>
  </ItemGroup>
  <ItemGroup>
    <ClCompile Include="main.cpp">
      <Filter>Source Files</Filter>
    </ClCompile>
    <ClCompile Include="oldmain.cpp">
      <Filter>Source Files</Filter>
    </ClCompile>
    <ClCompile Include="mem.h">
      <Filter>Source Files</Filter>
    </ClCompile>
    <ClCompile Include="res.h">
      <Filter>Header Files</Filter>
    </ClCompile>
    <ClCompile Include="volk.c">
      <Filter>Source Files</Filter>
    </ClCompile>
    <ClCompile Include="vm.cpp">
      <Filter>Source Files</Filter>
    </ClCompile>
    <ClCompile Include="vm_bytecode.cpp">
      <Filter>Source Files</Filter>
    </ClCompile>
    <ClCompile Include="renderer\taffy_integration.cpp">
      <Filter>Source Files</Filter>
    </ClCompile>
    <ClCompile Include="renderer\taffy_mesh.cpp">
      <Filter>Source Files</Filter>
    </ClCompile>
    <ClCompile Include="vk.cpp">
      <Filter>Source Files</Filter>
    </ClCompile>
    <ClCompile Include="taffy\tools.cpp">
      <Filter>Source Files</Filter>
    </ClCompile>
  </ItemGroup>
  <ItemGroup>
    <ClInclude Include="main.h">
      <Filter>Header Files</Filter>
    </ClInclude>
    <ClInclude Include="wsaerror.h">
      <Filter>Header Files</Filter>
    </ClInclude>
    <ClInclude Include="handle.h">
      <Filter>Header Files</Filter>
    </ClInclude>
    <ClInclude Include="RenderBackend.h">
      <Filter>Header Files</Filter>
    </ClInclude>
    <ClInclude Include="vk.h">
      <Filter>Header Files</Filter>
    </ClInclude>
    <ClInclude Include="RenderBackendBase.h">
      <Filter>Header Files</Filter>
    </ClInclude>
    <ClInclude Include="volk.h">
      <Filter>Header Files</Filter>
    </ClInclude>
    <ClInclude Include="vm.hpp">
      <Filter>Header Files</Filter>
    </ClInclude>
    <ClInclude Include="vm_bytecode.hpp">
      <Filter>Header Files</Filter>
    </ClInclude>
    <ClInclude Include="vm_syscall.hpp">
      <Filter>Header Files</Filter>
    </ClInclude>
    <ClInclude Include="vm_execution.hpp">
      <Filter>Header Files</Filter>
    </ClInclude>
    <ClInclude Include="vm_memory.hpp">
      <Filter>Header Files</Filter>
    </ClInclude>
    <ClInclude Include="vm_decoder.hpp">
      <Filter>Header Files</Filter>
    </ClInclude>
    <ClInclude Include="gfx.h">
      <Filter>Header Files</Filter>
    </ClInclude>
    <ClInclude Include="quan.h">
      <Filter>Header Files</Filter>
    </ClInclude>
    <ClInclude Include="renderer\taffy_integration.h">
      <Filter>Header Files</Filter>
    </ClInclude>
    <ClInclude Include="renderer\taffy_mesh.h">
      <Filter>Header Files</Filter>
    </ClInclude>
    <ClInclude Include="taffy\taffy.h">
      <Filter>Header Files</Filter>
    </ClInclude>
    <ClInclude Include="taffy\tools.h">
      <Filter>Header Files</Filter>
    </ClInclude>
    <ClInclude Include="taffy\test.h">
      <Filter>Header Files</Filter>
    </ClInclude>
  </ItemGroup>
  <ItemGroup>
    <None Include="gfx_impl.inl">
      <Filter>Header Files</Filter>
    </None>
    <None Include="shaders\clussy.mesh" />
    <None Include="shaders\clussy.task" />
    <None Include="shaders\cluster.frag" />
    <None Include="shaders\cluster.mesh" />
    <None Include="shaders\cluster.task" />
    <None Include="shaders\debug.mesh" />
    <None Include="shaders\debug.task" />
    <None Include="shaders\diag.frag" />
    <None Include="shaders\diag.mesh" />
    <None Include="shaders\diag.task" />
    <None Include="shaders\minimal.frag" />
    <None Include="shaders\minimal.mesh" />
    <None Include="shaders\minimal.task" />
    <None Include="shaders\pbr.vert" />
  </ItemGroup>
</Project>